
Microsoft Visual Studio Solution File, Format Version 12.00
# Visual Studio Version 17
VisualStudioVersion = 17.0.31903.59
MinimumVisualStudioVersion = 10.0.40219.1
Project("{FAE04EC0-301F-11D3-BF4B-00C04F79EFBC}") = "API", "API\API.csproj", "{3B1F8E0A-6A97-44B8-9A6C-AB8442DD72F6}"
EndProject
Project("{FAE04EC0-301F-11D3-BF4B-00C04F79EFBC}") = "Application", "Application\Application.csproj", "{03690A8D-45DF-410D-8E1D-57EBE3C80075}"
EndProject
Project("{FAE04EC0-301F-11D3-BF4B-00C04F79EFBC}") = "Domain", "Domain\Domain.csproj", "{8923AB8D-72F6-4B00-AB25-AEEC7E94398F}"
EndProject
Project("{FAE04EC0-301F-11D3-BF4B-00C04F79EFBC}") = "Persistence", "Persistence\Persistence.csproj", "{BFF758A8-5D15-4813-A01F-96413D6EA79A}"
EndProject
Global
	GlobalSection(SolutionConfigurationPlatforms) = preSolution
		Debug|Any CPU = Debug|Any CPU
		Release|Any CPU = Release|Any CPU
	EndGlobalSection
	GlobalSection(SolutionProperties) = preSolution
		HideSolutionNode = FALSE
	EndGlobalSection
	GlobalSection(ProjectConfigurationPlatforms) = postSolution
		{3B1F8E0A-6A97-44B8-9A6C-AB8442DD72F6}.Debug|Any CPU.ActiveCfg = Debug|Any CPU
		{3B1F8E0A-6A97-44B8-9A6C-AB8442DD72F6}.Debug|Any CPU.Build.0 = Debug|Any CPU
		{3B1F8E0A-6A97-44B8-9A6C-AB8442DD72F6}.Release|Any CPU.ActiveCfg = Release|Any CPU
		{3B1F8E0A-6A97-44B8-9A6C-AB8442DD72F6}.Release|Any CPU.Build.0 = Release|Any CPU
		{03690A8D-45DF-410D-8E1D-57EBE3C80075}.Debug|Any CPU.ActiveCfg = Debug|Any CPU
		{03690A8D-45DF-410D-8E1D-57EBE3C80075}.Debug|Any CPU.Build.0 = Debug|Any CPU
		{03690A8D-45DF-410D-8E1D-57EBE3C80075}.Release|Any CPU.ActiveCfg = Release|Any CPU
		{03690A8D-45DF-410D-8E1D-57EBE3C80075}.Release|Any CPU.Build.0 = Release|Any CPU
		{8923AB8D-72F6-4B00-AB25-AEEC7E94398F}.Debug|Any CPU.ActiveCfg = Debug|Any CPU
		{8923AB8D-72F6-4B00-AB25-AEEC7E94398F}.Debug|Any CPU.Build.0 = Debug|Any CPU
		{8923AB8D-72F6-4B00-AB25-AEEC7E94398F}.Release|Any CPU.ActiveCfg = Release|Any CPU
		{8923AB8D-72F6-4B00-AB25-AEEC7E94398F}.Release|Any CPU.Build.0 = Release|Any CPU
		{BFF758A8-5D15-4813-A01F-96413D6EA79A}.Debug|Any CPU.ActiveCfg = Debug|Any CPU
		{BFF758A8-5D15-4813-A01F-96413D6EA79A}.Debug|Any CPU.Build.0 = Debug|Any CPU
		{BFF758A8-5D15-4813-A01F-96413D6EA79A}.Release|Any CPU.ActiveCfg = Release|Any CPU
		{BFF758A8-5D15-4813-A01F-96413D6EA79A}.Release|Any CPU.Build.0 = Release|Any CPU
	EndGlobalSection
EndGlobal
